
Microsoft Visual Studio Solution File, Format Version 12.00
# Visual Studio Version 16
VisualStudioVersion = 16.0.29613.14
MinimumVisualStudioVersion = 10.0.40219.1
Project("{FAE04EC0-301F-11D3-BF4B-00C04F79EFBC}") = "UserManagement", "UserManagement\UserManagement.csproj", "{DE7018EF-A309-4CE3-B06F-22843F95127D}"
EndProject
Global
	GlobalSection(SolutionConfigurationPlatforms) = preSolution
		Debug|Any CPU = Debug|Any CPU
		Release|Any CPU = Release|Any CPU
	EndGlobalSection
	GlobalSection(ProjectConfigurationPlatforms) = postSolution
		{DE7018EF-A309-4CE3-B06F-22843F95127D}.Debug|Any CPU.ActiveCfg = Debug|Any CPU
		{DE7018EF-A309-4CE3-B06F-22843F95127D}.Debug|Any CPU.Build.0 = Debug|Any CPU
		{DE7018EF-A309-4CE3-B06F-22843F95127D}.Release|Any CPU.ActiveCfg = Release|Any CPU
		{DE7018EF-A309-4CE3-B06F-22843F95127D}.Release|Any CPU.Build.0 = Release|Any CPU
	EndGlobalSection
	GlobalSection(SolutionProperties) = preSolution
		HideSolutionNode = FALSE
	EndGlobalSection
	GlobalSection(ExtensibilityGlobals) = postSolution
		SolutionGuid = {33440A0B-73E0-4377-B711-88981A71BFD7}
	EndGlobalSection
EndGlobal
